
Microsoft Visual Studio Solution File, Format Version 12.00
# Visual Studio Version 17
VisualStudioVersion = 17.11.35312.102
MinimumVisualStudioVersion = 10.0.40219.1
Project("{FAE04EC0-301F-11D3-BF4B-00C04F79EFBC}") = "TestConsole", "TestConsole\TestConsole.csproj", "{799828ED-6C01-449F-BC10-18F86326C741}"
EndProject
Global
	GlobalSection(SolutionConfigurationPlatforms) = preSolution
		Debug|Any CPU = Debug|Any CPU
		Release|Any CPU = Release|Any CPU
	EndGlobalSection
	GlobalSection(ProjectConfigurationPlatforms) = postSolution
		{799828ED-6C01-449F-BC10-18F86326C741}.Debug|Any CPU.ActiveCfg = Debug|Any CPU
		{799828ED-6C01-449F-BC10-18F86326C741}.Debug|Any CPU.Build.0 = Debug|Any CPU
		{799828ED-6C01-449F-BC10-18F86326C741}.Release|Any CPU.ActiveCfg = Release|Any CPU
		{799828ED-6C01-449F-BC10-18F86326C741}.Release|Any CPU.Build.0 = Release|Any CPU
	EndGlobalSection
	GlobalSection(SolutionProperties) = preSolution
		HideSolutionNode = FALSE
	EndGlobalSection
	GlobalSection(ExtensibilityGlobals) = postSolution
		SolutionGuid = {B16EC3E7-3A8D-4C4E-88C2-D4BB892A2575}
	EndGlobalSection
EndGlobal
